
Microsoft Visual Studio Solution File, Format Version 12.00
# Visual Studio Version 16
VisualStudioVersion = 16.0.29926.136
MinimumVisualStudioVersion = 10.0.40219.1
Project("{9A19103F-16F7-4668-BE54-9A1E7A4F7556}") = "Hub", "Hub\Hub.csproj", "{F2792D84-BA1E-490E-AF68-8B9B00183F55}"
EndProject
Project("{9A19103F-16F7-4668-BE54-9A1E7A4F7556}") = "SignalRClient", "SignalRClient\SignalRClient.csproj", "{9DC420D0-DECD-4948-9037-511CD229BFDD}"
EndProject
Project("{FAE04EC0-301F-11D3-BF4B-00C04F79EFBC}") = "WindowsFormsApp1", "WindowsFormsApp1\WindowsFormsApp1.csproj", "{01273631-8B79-4004-B8B6-9DF96B6B08B3}"
EndProject
Project("{FAE04EC0-301F-11D3-BF4B-00C04F79EFBC}") = "Client462", "Client462\Client462.csproj", "{6AB1ABE4-80AF-4ADA-B808-14D4CDC5A0F7}"
EndProject
Global
	GlobalSection(SolutionConfigurationPlatforms) = preSolution
		Debug|Any CPU = Debug|Any CPU
		Release|Any CPU = Release|Any CPU
	EndGlobalSection
	GlobalSection(ProjectConfigurationPlatforms) = postSolution
		{F2792D84-BA1E-490E-AF68-8B9B00183F55}.Debug|Any CPU.ActiveCfg = Debug|Any CPU
		{F2792D84-BA1E-490E-AF68-8B9B00183F55}.Debug|Any CPU.Build.0 = Debug|Any CPU
		{F2792D84-BA1E-490E-AF68-8B9B00183F55}.Release|Any CPU.ActiveCfg = Release|Any CPU
		{F2792D84-BA1E-490E-AF68-8B9B00183F55}.Release|Any CPU.Build.0 = Release|Any CPU
		{9DC420D0-DECD-4948-9037-511CD229BFDD}.Debug|Any CPU.ActiveCfg = Debug|Any CPU
		{9DC420D0-DECD-4948-9037-511CD229BFDD}.Debug|Any CPU.Build.0 = Debug|Any CPU
		{9DC420D0-DECD-4948-9037-511CD229BFDD}.Release|Any CPU.ActiveCfg = Release|Any CPU
		{9DC420D0-DECD-4948-9037-511CD229BFDD}.Release|Any CPU.Build.0 = Release|Any CPU
		{01273631-8B79-4004-B8B6-9DF96B6B08B3}.Debug|Any CPU.ActiveCfg = Debug|Any CPU
		{01273631-8B79-4004-B8B6-9DF96B6B08B3}.Debug|Any CPU.Build.0 = Debug|Any CPU
		{01273631-8B79-4004-B8B6-9DF96B6B08B3}.Release|Any CPU.ActiveCfg = Release|Any CPU
		{01273631-8B79-4004-B8B6-9DF96B6B08B3}.Release|Any CPU.Build.0 = Release|Any CPU
		{6AB1ABE4-80AF-4ADA-B808-14D4CDC5A0F7}.Debug|Any CPU.ActiveCfg = Debug|Any CPU
		{6AB1ABE4-80AF-4ADA-B808-14D4CDC5A0F7}.Debug|Any CPU.Build.0 = Debug|Any CPU
		{6AB1ABE4-80AF-4ADA-B808-14D4CDC5A0F7}.Release|Any CPU.ActiveCfg = Release|Any CPU
		{6AB1ABE4-80AF-4ADA-B808-14D4CDC5A0F7}.Release|Any CPU.Build.0 = Release|Any CPU
	EndGlobalSection
	GlobalSection(SolutionProperties) = preSolution
		HideSolutionNode = FALSE
	EndGlobalSection
	GlobalSection(ExtensibilityGlobals) = postSolution
		SolutionGuid = {9859E587-4F8E-4E1E-A227-765C269BBF35}
	EndGlobalSection
EndGlobal
